
Microsoft Visual Studio Solution File, Format Version 12.00
# Visual Studio Version 17
VisualStudioVersion = 17.10.34928.147
MinimumVisualStudioVersion = 10.0.40219.1
Project("{9A19103F-16F7-4668-BE54-9A1E7A4F7556}") = "EzbWaehrungenDal", "EzbWaehrungenDal\EzbWaehrungenDal.csproj", "{3FA1D5C4-8503-46FE-92FF-52FD52879BD5}"
EndProject
Project("{FAE04EC0-301F-11D3-BF4B-00C04F79EFBC}") = "EzbWaehrungenDalUnitTests", "EzbWaehrungenDalUnitTests\EzbWaehrungenDalUnitTests.csproj", "{2E643E05-23E5-44F4-BC4E-32B7B57722B9}"
EndProject
Global
	GlobalSection(SolutionConfigurationPlatforms) = preSolution
		Debug|Any CPU = Debug|Any CPU
		Release|Any CPU = Release|Any CPU
	EndGlobalSection
	GlobalSection(ProjectConfigurationPlatforms) = postSolution
		{3FA1D5C4-8503-46FE-92FF-52FD52879BD5}.Debug|Any CPU.ActiveCfg = Debug|Any CPU
		{3FA1D5C4-8503-46FE-92FF-52FD52879BD5}.Debug|Any CPU.Build.0 = Debug|Any CPU
		{3FA1D5C4-8503-46FE-92FF-52FD52879BD5}.Release|Any CPU.ActiveCfg = Release|Any CPU
		{3FA1D5C4-8503-46FE-92FF-52FD52879BD5}.Release|Any CPU.Build.0 = Release|Any CPU
		{2E643E05-23E5-44F4-BC4E-32B7B57722B9}.Debug|Any CPU.ActiveCfg = Debug|Any CPU
		{2E643E05-23E5-44F4-BC4E-32B7B57722B9}.Debug|Any CPU.Build.0 = Debug|Any CPU
		{2E643E05-23E5-44F4-BC4E-32B7B57722B9}.Release|Any CPU.ActiveCfg = Release|Any CPU
		{2E643E05-23E5-44F4-BC4E-32B7B57722B9}.Release|Any CPU.Build.0 = Release|Any CPU
	EndGlobalSection
	GlobalSection(SolutionProperties) = preSolution
		HideSolutionNode = FALSE
	EndGlobalSection
	GlobalSection(ExtensibilityGlobals) = postSolution
		SolutionGuid = {8407D8CD-D164-43FF-BE2E-A7F6CBC8C833}
	EndGlobalSection
EndGlobal
