
Microsoft Visual Studio Solution File, Format Version 12.00
# Visual Studio Version 17
VisualStudioVersion = 17.11.35312.102
MinimumVisualStudioVersion = 10.0.40219.1
Project("{FAE04EC0-301F-11D3-BF4B-00C04F79EFBC}") = "UseContentControl", "UseContentControl\UseContentControl.csproj", "{D2A0087D-412A-4DAF-8DD7-0865F451497B}"
EndProject
Global
	GlobalSection(SolutionConfigurationPlatforms) = preSolution
		Debug|Any CPU = Debug|Any CPU
		Release|Any CPU = Release|Any CPU
	EndGlobalSection
	GlobalSection(ProjectConfigurationPlatforms) = postSolution
		{D2A0087D-412A-4DAF-8DD7-0865F451497B}.Debug|Any CPU.ActiveCfg = Debug|Any CPU
		{D2A0087D-412A-4DAF-8DD7-0865F451497B}.Debug|Any CPU.Build.0 = Debug|Any CPU
		{D2A0087D-412A-4DAF-8DD7-0865F451497B}.Release|Any CPU.ActiveCfg = Release|Any CPU
		{D2A0087D-412A-4DAF-8DD7-0865F451497B}.Release|Any CPU.Build.0 = Release|Any CPU
	EndGlobalSection
	GlobalSection(SolutionProperties) = preSolution
		HideSolutionNode = FALSE
	EndGlobalSection
	GlobalSection(ExtensibilityGlobals) = postSolution
		SolutionGuid = {A68CBE7A-6A52-44C4-8FCF-44D4D20AA6C3}
	EndGlobalSection
EndGlobal
