
Microsoft Visual Studio Solution File, Format Version 12.00
# Visual Studio Version 17
VisualStudioVersion = 17.10.34928.147
MinimumVisualStudioVersion = 10.0.40219.1
Project("{9A19103F-16F7-4668-BE54-9A1E7A4F7556}") = "EierfarmBl", "EierfarmBl\EierfarmBl.csproj", "{2287E547-BB02-43D2-A37D-F128FF771E8E}"
EndProject
Project("{9A19103F-16F7-4668-BE54-9A1E7A4F7556}") = "EierfarmUi", "EierfarmUi\EierfarmUi.csproj", "{876C5771-9AF4-4483-9B78-3713D828DDB6}"
EndProject
Project("{9A19103F-16F7-4668-BE54-9A1E7A4F7556}") = "Fliegerei", "Fliegerei\Fliegerei.csproj", "{308B2497-95B2-4DB9-861F-7FEFEF401EC2}"
EndProject
Global
	GlobalSection(SolutionConfigurationPlatforms) = preSolution
		Debug|Any CPU = Debug|Any CPU
		Release|Any CPU = Release|Any CPU
	EndGlobalSection
	GlobalSection(ProjectConfigurationPlatforms) = postSolution
		{2287E547-BB02-43D2-A37D-F128FF771E8E}.Debug|Any CPU.ActiveCfg = Debug|Any CPU
		{2287E547-BB02-43D2-A37D-F128FF771E8E}.Debug|Any CPU.Build.0 = Debug|Any CPU
		{2287E547-BB02-43D2-A37D-F128FF771E8E}.Release|Any CPU.ActiveCfg = Release|Any CPU
		{2287E547-BB02-43D2-A37D-F128FF771E8E}.Release|Any CPU.Build.0 = Release|Any CPU
		{876C5771-9AF4-4483-9B78-3713D828DDB6}.Debug|Any CPU.ActiveCfg = Debug|Any CPU
		{876C5771-9AF4-4483-9B78-3713D828DDB6}.Debug|Any CPU.Build.0 = Debug|Any CPU
		{876C5771-9AF4-4483-9B78-3713D828DDB6}.Release|Any CPU.ActiveCfg = Debug|Any CPU
		{876C5771-9AF4-4483-9B78-3713D828DDB6}.Release|Any CPU.Build.0 = Debug|Any CPU
		{308B2497-95B2-4DB9-861F-7FEFEF401EC2}.Debug|Any CPU.ActiveCfg = Debug|Any CPU
		{308B2497-95B2-4DB9-861F-7FEFEF401EC2}.Debug|Any CPU.Build.0 = Debug|Any CPU
		{308B2497-95B2-4DB9-861F-7FEFEF401EC2}.Release|Any CPU.ActiveCfg = Release|Any CPU
	EndGlobalSection
	GlobalSection(SolutionProperties) = preSolution
		HideSolutionNode = FALSE
	EndGlobalSection
	GlobalSection(ExtensibilityGlobals) = postSolution
		SolutionGuid = {F905F779-25C9-40C0-8D50-7541D607AFCC}
	EndGlobalSection
EndGlobal
