
Microsoft Visual Studio Solution File, Format Version 12.00
# Visual Studio Version 17
VisualStudioVersion = 17.11.35219.272
MinimumVisualStudioVersion = 10.0.40219.1
Project("{9A19103F-16F7-4668-BE54-9A1E7A4F7556}") = "Controls", "Controls.csproj", "{2D2B41E1-B15E-4442-9B55-F1D19F9ABE1D}"
EndProject
Global
	GlobalSection(SolutionConfigurationPlatforms) = preSolution
		Debug|Any CPU = Debug|Any CPU
		Release|Any CPU = Release|Any CPU
	EndGlobalSection
	GlobalSection(ProjectConfigurationPlatforms) = postSolution
		{2D2B41E1-B15E-4442-9B55-F1D19F9ABE1D}.Debug|Any CPU.ActiveCfg = Debug|Any CPU
		{2D2B41E1-B15E-4442-9B55-F1D19F9ABE1D}.Debug|Any CPU.Build.0 = Debug|Any CPU
		{2D2B41E1-B15E-4442-9B55-F1D19F9ABE1D}.Release|Any CPU.ActiveCfg = Release|Any CPU
		{2D2B41E1-B15E-4442-9B55-F1D19F9ABE1D}.Release|Any CPU.Build.0 = Release|Any CPU
	EndGlobalSection
	GlobalSection(SolutionProperties) = preSolution
		HideSolutionNode = FALSE
	EndGlobalSection
	GlobalSection(ExtensibilityGlobals) = postSolution
		SolutionGuid = {C83221E0-78A6-418A-A0AE-93B670E3B43E}
	EndGlobalSection
EndGlobal
