
Microsoft Visual Studio Solution File, Format Version 12.00
# Visual Studio Version 17
VisualStudioVersion = 17.10.35201.131
MinimumVisualStudioVersion = 10.0.40219.1
Project("{FAE04EC0-301F-11D3-BF4B-00C04F79EFBC}") = "RssReaderUi", "RssReaderUi\RssReaderUi.csproj", "{504A633A-1863-448F-B82C-0BB35893EA2C}"
EndProject
Global
	GlobalSection(SolutionConfigurationPlatforms) = preSolution
		Debug|Any CPU = Debug|Any CPU
		Release|Any CPU = Release|Any CPU
	EndGlobalSection
	GlobalSection(ProjectConfigurationPlatforms) = postSolution
		{504A633A-1863-448F-B82C-0BB35893EA2C}.Debug|Any CPU.ActiveCfg = Debug|Any CPU
		{504A633A-1863-448F-B82C-0BB35893EA2C}.Debug|Any CPU.Build.0 = Debug|Any CPU
		{504A633A-1863-448F-B82C-0BB35893EA2C}.Release|Any CPU.ActiveCfg = Release|Any CPU
		{504A633A-1863-448F-B82C-0BB35893EA2C}.Release|Any CPU.Build.0 = Release|Any CPU
	EndGlobalSection
	GlobalSection(SolutionProperties) = preSolution
		HideSolutionNode = FALSE
	EndGlobalSection
	GlobalSection(ExtensibilityGlobals) = postSolution
		SolutionGuid = {B4CCAC90-07B6-4EAC-8B85-A8C16BBA0013}
	EndGlobalSection
EndGlobal
